// !$*UTF8*$!
{
	archiveVersion = 1;
	classes = {
	};
	objectVersion = 48;
	objects = {

/* Begin PBXBuildFile section */
		16B9B86E1EF4EB14009AC7E0 /* AppDelegate.swift in Sources */ = {isa = PBXBuildFile; fileRef = 16B9B86D1EF4EB14009AC7E0 /* AppDelegate.swift */; };
		16B9B8701EF4EB14009AC7E0 /* ViewController.swift in Sources */ = {isa = PBXBuildFile; fileRef = 16B9B86F1EF4EB14009AC7E0 /* ViewController.swift */; };
		16B9B8721EF4EB14009AC7E0 /* Assets.xcassets in Resources */ = {isa = PBXBuildFile; fileRef = 16B9B8711EF4EB14009AC7E0 /* Assets.xcassets */; };
		16B9B8751EF4EB14009AC7E0 /* Main.storyboard in Resources */ = {isa = PBXBuildFile; fileRef = 16B9B8731EF4EB14009AC7E0 /* Main.storyboard */; };
/* End PBXBuildFile section */

/* Begin PBXFileReference section */
		16B9B86A1EF4EB14009AC7E0 /* iOSLinkedObjectSizeMeasureTool.app */ = {isa = PBXFileReference; explicitFileType = wrapper.application; includeInIndex = 0; path = iOSLinkedObjectSizeMeasureTool.app; sourceTree = BUILT_PRODUCTS_DIR; };
		16B9B86D1EF4EB14009AC7E0 /* AppDelegate.swift */ = {isa = PBXFileReference; lastKnownFileType = sourcecode.swift; path = AppDelegate.swift; sourceTree = "<group>"; };
		16B9B86F1EF4EB14009AC7E0 /* ViewController.swift */ = {isa = PBXFileReference; lastKnownFileType = sourcecode.swift; path = ViewController.swift; sourceTree = "<group>"; };
		16B9B8711EF4EB14009AC7E0 /* Assets.xcassets */ = {isa = PBXFileReference; lastKnownFileType = folder.assetcatalog; path = Assets.xcassets; sourceTree = "<group>"; };
		16B9B8741EF4EB14009AC7E0 /* Base */ = {isa = PBXFileReference; lastKnownFileType = file.storyboard; name = Base; path = Base.lproj/Main.storyboard; sourceTree = "<group>"; };
		16B9B8761EF4EB14009AC7E0 /* Info.plist */ = {isa = PBXFileReference; lastKnownFileType = text.plist.xml; path = Info.plist; sourceTree = "<group>"; };
		16B9B8771EF4EB14009AC7E0 /* iOSLinkedObjectSizeMeasureTool.entitlements */ = {isa = PBXFileReference; lastKnownFileType = text.plist.entitlements; path = iOSLinkedObjectSizeMeasureTool.entitlements; sourceTree = "<group>"; };
/* End PBXFileReference section */

/* Begin PBXFrameworksBuildPhase section */
		16B9B8671EF4EB14009AC7E0 /* Frameworks */ = {
			isa = PBXFrameworksBuildPhase;
			buildActionMask = 2147483647;
			files = (
			);
			runOnlyForDeploymentPostprocessing = 0;
		};
/* End PBXFrameworksBuildPhase section */

/* Begin PBXGroup section */
		16B9B8611EF4EB14009AC7E0 = {
			isa = PBXGroup;
			children = (
				16B9B86C1EF4EB14009AC7E0 /* iOSLinkedObjectSizeMeasureTool */,
				16B9B86B1EF4EB14009AC7E0 /* Products */,
			);
			sourceTree = "<group>";
		};
		16B9B86B1EF4EB14009AC7E0 /* Products */ = {
			isa = PBXGroup;
			children = (
				16B9B86A1EF4EB14009AC7E0 /* iOSLinkedObjectSizeMeasureTool.app */,
			);
			name = Products;
			sourceTree = "<group>";
		};
		16B9B86C1EF4EB14009AC7E0 /* iOSLinkedObjectSizeMeasureTool */ = {
			isa = PBXGroup;
			children = (
				16B9B86D1EF4EB14009AC7E0 /* AppDelegate.swift */,
				16B9B86F1EF4EB14009AC7E0 /* ViewController.swift */,
				16B9B8711EF4EB14009AC7E0 /* Assets.xcassets */,
				16B9B8731EF4EB14009AC7E0 /* Main.storyboard */,
				16B9B8761EF4EB14009AC7E0 /* Info.plist */,
				16B9B8771EF4EB14009AC7E0 /* iOSLinkedObjectSizeMeasureTool.entitlements */,
			);
			path = iOSLinkedObjectSizeMeasureTool;
			sourceTree = "<group>";
		};
/* End PBXGroup section */

/* Begin PBXNativeTarget section */
		16B9B8691EF4EB14009AC7E0 /* iOSLinkedObjectSizeMeasureTool */ = {
			isa = PBXNativeTarget;
			buildConfigurationList = 16B9B87A1EF4EB14009AC7E0 /* Build configuration list for PBXNativeTarget "iOSLinkedObjectSizeMeasureTool" */;
			buildPhases = (
				16B9B8661EF4EB14009AC7E0 /* Sources */,
				16B9B8671EF4EB14009AC7E0 /* Frameworks */,
				16B9B8681EF4EB14009AC7E0 /* Resources */,
			);
			buildRules = (
			);
			dependencies = (
			);
			name = iOSLinkedObjectSizeMeasureTool;
			productName = iOSLinkedObjectSizeMeasureTool;
			productReference = 16B9B86A1EF4EB14009AC7E0 /* iOSLinkedObjectSizeMeasureTool.app */;
			productType = "com.apple.product-type.application";
		};
/* End PBXNativeTarget section */

/* Begin PBXProject section */
		16B9B8621EF4EB14009AC7E0 /* Project object */ = {
			isa = PBXProject;
			attributes = {
				LastSwiftUpdateCheck = 0900;
				LastUpgradeCheck = 0900;
				ORGANIZATIONNAME = Ringcentral;
				TargetAttributes = {
					16B9B8691EF4EB14009AC7E0 = {
						CreatedOnToolsVersion = 9.0;
					};
				};
			};
			buildConfigurationList = 16B9B8651EF4EB14009AC7E0 /* Build configuration list for PBXProject "iOSLinkedObjectSizeMeasureTool" */;
			compatibilityVersion = "Xcode 8.0";
			developmentRegion = en;
			hasScannedForEncodings = 0;
			knownRegions = (
				en,
				Base,
			);
			mainGroup = 16B9B8611EF4EB14009AC7E0;
			productRefGroup = 16B9B86B1EF4EB14009AC7E0 /* Products */;
			projectDirPath = "";
			projectRoot = "";
			targets = (
				16B9B8691EF4EB14009AC7E0 /* iOSLinkedObjectSizeMeasureTool */,
			);
		};
/* End PBXProject section */

/* Begin PBXResourcesBuildPhase section */
		16B9B8681EF4EB14009AC7E0 /* Resources */ = {
			isa = PBXResourcesBuildPhase;
			buildActionMask = 2147483647;
			files = (
				16B9B8721EF4EB14009AC7E0 /* Assets.xcassets in Resources */,
				16B9B8751EF4EB14009AC7E0 /* Main.storyboard in Resources */,
			);
			runOnlyForDeploymentPostprocessing = 0;
		};
/* End PBXResourcesBuildPhase section */

/* Begin PBXSourcesBuildPhase section */
		16B9B8661EF4EB14009AC7E0 /* Sources */ = {
			isa = PBXSourcesBuildPhase;
			buildActionMask = 2147483647;
			files = (
				16B9B8701EF4EB14009AC7E0 /* ViewController.swift in Sources */,
				16B9B86E1EF4EB14009AC7E0 /* AppDelegate.swift in Sources */,
			);
			runOnlyForDeploymentPostprocessing = 0;
		};
/* End PBXSourcesBuildPhase section */

/* Begin PBXVariantGroup section */
		16B9B8731EF4EB14009AC7E0 /* Main.storyboard */ = {
			isa = PBXVariantGroup;
			children = (
				16B9B8741EF4EB14009AC7E0 /* Base */,
			);
			name = Main.storyboard;
			sourceTree = "<group>";
		};
/* End PBXVariantGroup section */

/* Begin XCBuildConfiguration section */
		16B9B8781EF4EB14009AC7E0 /* Debug */ = {
			isa = XCBuildConfiguration;
			buildSettings = {
				ALWAYS_SEARCH_USER_PATHS = NO;
				CLANG_ANALYZER_NONNULL = YES;
				CLANG_ANALYZER_NUMBER_OBJECT_CONVERSION = YES_AGGRESSIVE;
				CLANG_CXX_LANGUAGE_STANDARD = "gnu++14";
				CLANG_CXX_LIBRARY = "libc++";
				CLANG_ENABLE_MODULES = YES;
				CLANG_ENABLE_OBJC_ARC = YES;
				CLANG_WARN_BLOCK_CAPTURE_AUTORELEASING = YES;
				CLANG_WARN_BOOL_CONVERSION = YES;
				CLANG_WARN_COMMA = YES;
				CLANG_WARN_CONSTANT_CONVERSION = YES;
				CLANG_WARN_DIRECT_OBJC_ISA_USAGE = YES_ERROR;
				CLANG_WARN_DOCUMENTATION_COMMENTS = YES;
				CLANG_WARN_EMPTY_BODY = YES;
				CLANG_WARN_ENUM_CONVERSION = YES;
				CLANG_WARN_INFINITE_RECURSION = YES;
				CLANG_WARN_INT_CONVERSION = YES;
				CLANG_WARN_OBJC_ROOT_CLASS = YES_ERROR;
				CLANG_WARN_RANGE_LOOP_ANALYSIS = YES;
				CLANG_WARN_STRICT_PROTOTYPES = YES;
				CLANG_WARN_SUSPICIOUS_MOVE = YES;
				CLANG_WARN_UNGUARDED_AVAILABILITY = YES_AGGRESSIVE;
				CLANG_WARN_UNREACHABLE_CODE = YES;
				CLANG_WARN__DUPLICATE_METHOD_MATCH = YES;
				CODE_SIGN_IDENTITY = "-";
				COPY_PHASE_STRIP = NO;
				DEBUG_INFORMATION_FORMAT = dwarf;
				ENABLE_STRICT_OBJC_MSGSEND = YES;
				ENABLE_TESTABILITY = YES;
				GCC_C_LANGUAGE_STANDARD = gnu11;
				GCC_DYNAMIC_NO_PIC = NO;
				GCC_NO_COMMON_BLOCKS = YES;
				GCC_OPTIMIZATION_LEVEL = 0;
				GCC_PREPROCESSOR_DEFINITIONS = (
					"DEBUG=1",
					"$(inherited)",
				);
				GCC_WARN_64_TO_32_BIT_CONVERSION = YES;
				GCC_WARN_ABOUT_RETURN_TYPE = YES_ERROR;
				GCC_WARN_UNDECLARED_SELECTOR = YES;
				GCC_WARN_UNINITIALIZED_AUTOS = YES_AGGRESSIVE;
				GCC_WARN_UNUSED_FUNCTION = YES;
				GCC_WARN_UNUSED_VARIABLE = YES;
				MACOSX_DEPLOYMENT_TARGET = 10.12;
				MTL_ENABLE_DEBUG_INFO = YES;
				ONLY_ACTIVE_ARCH = YES;
				SDKROOT = macosx;
				SWIFT_ACTIVE_COMPILATION_CONDITIONS = DEBUG;
				SWIFT_OPTIMIZATION_LEVEL = "-Onone";
			};
			name = Debug;
		};
		16B9B8791EF4EB14009AC7E0 /* Release */ = {
			isa = XCBuildConfiguration;
			buildSettings = {
				ALWAYS_SEARCH_USER_PATHS = NO;
				CLANG_ANALYZER_NONNULL = YES;
				CLANG_ANALYZER_NUMBER_OBJECT_CONVERSION = YES_AGGRESSIVE;
				CLANG_CXX_LANGUAGE_STANDARD = "gnu++14";
				CLANG_CXX_LIBRARY = "libc++";
				CLANG_ENABLE_MODULES = YES;
				CLANG_ENABLE_OBJC_ARC = YES;
				CLANG_WARN_BLOCK_CAPTURE_AUTORELEASING = YES;
				CLANG_WARN_BOOL_CONVERSION = YES;
				CLANG_WARN_COMMA = YES;
				CLANG_WARN_CONSTANT_CONVERSION = YES;
				CLANG_WARN_DIRECT_OBJC_ISA_USAGE = YES_ERROR;
				CLANG_WARN_DOCUMENTATION_COMMENTS = YES;
				CLANG_WARN_EMPTY_BODY = YES;
				CLANG_WARN_ENUM_CONVERSION = YES;
				CLANG_WARN_INFINITE_RECURSION = YES;
				CLANG_WARN_INT_CONVERSION = YES;
				CLANG_WARN_OBJC_ROOT_CLASS = YES_ERROR;
				CLANG_WARN_RANGE_LOOP_ANALYSIS = YES;
				CLANG_WARN_STRICT_PROTOTYPES = YES;
				CLANG_WARN_SUSPICIOUS_MOVE = YES;
				CLANG_WARN_UNGUARDED_AVAILABILITY = YES_AGGRESSIVE;
				CLANG_WARN_UNREACHABLE_CODE = YES;
				CLANG_WARN__DUPLICATE_METHOD_MATCH = YES;
				CODE_SIGN_IDENTITY = "-";
				COPY_PHASE_STRIP = NO;
				DEBUG_INFORMATION_FORMAT = "dwarf-with-dsym";
				ENABLE_NS_ASSERTIONS = NO;
				ENABLE_STRICT_OBJC_MSGSEND = YES;
				GCC_C_LANGUAGE_STANDARD = gnu11;
				GCC_NO_COMMON_BLOCKS = YES;
				GCC_WARN_64_TO_32_BIT_CONVERSION = YES;
				GCC_WARN_ABOUT_RETURN_TYPE = YES_ERROR;
				GCC_WARN_UNDECLARED_SELECTOR = YES;
				GCC_WARN_UNINITIALIZED_AUTOS = YES_AGGRESSIVE;
				GCC_WARN_UNUSED_FUNCTION = YES;
				GCC_WARN_UNUSED_VARIABLE = YES;
				MACOSX_DEPLOYMENT_TARGET = 10.12;
				MTL_ENABLE_DEBUG_INFO = NO;
				SDKROOT = macosx;
				SWIFT_OPTIMIZATION_LEVEL = "-Owholemodule";
			};
			name = Release;
		};
		16B9B87B1EF4EB14009AC7E0 /* Debug */ = {
			isa = XCBuildConfiguration;
			buildSettings = {
				ASSETCATALOG_COMPILER_APPICON_NAME = AppIcon;
				COMBINE_HIDPI_IMAGES = YES;
				INFOPLIST_FILE = iOSLinkedObjectSizeMeasureTool/Info.plist;
				LD_RUNPATH_SEARCH_PATHS = "$(inherited) @executable_path/../Frameworks";
				PRODUCT_BUNDLE_IDENTIFIER = com.ringcentral.iOSLinkedObjectSizeMeasureTool;
				PRODUCT_NAME = "$(TARGET_NAME)";
				SWIFT_VERSION = 4.0;
			};
			name = Debug;
		};
		16B9B87C1EF4EB14009AC7E0 /* Release */ = {
			isa = XCBuildConfiguration;
			buildSettings = {
				ASSETCATALOG_COMPILER_APPICON_NAME = AppIcon;
				COMBINE_HIDPI_IMAGES = YES;
				INFOPLIST_FILE = iOSLinkedObjectSizeMeasureTool/Info.plist;
				LD_RUNPATH_SEARCH_PATHS = "$(inherited) @executable_path/../Frameworks";
				PRODUCT_BUNDLE_IDENTIFIER = com.ringcentral.iOSLinkedObjectSizeMeasureTool;
				PRODUCT_NAME = "$(TARGET_NAME)";
				SWIFT_VERSION = 4.0;
			};
			name = Release;
		};
/* End XCBuildConfiguration section */

/* Begin XCConfigurationList section */
		16B9B8651EF4EB14009AC7E0 /* Build configuration list for PBXProject "iOSLinkedObjectSizeMeasureTool" */ = {
			isa = XCConfigurationList;
			buildConfigurations = (
				16B9B8781EF4EB14009AC7E0 /* Debug */,
				16B9B8791EF4EB14009AC7E0 /* Release */,
			);
			defaultConfigurationIsVisible = 0;
			defaultConfigurationName = Release;
		};
		16B9B87A1EF4EB14009AC7E0 /* Build configuration list for PBXNativeTarget "iOSLinkedObjectSizeMeasureTool" */ = {
			isa = XCConfigurationList;
			buildConfigurations = (
				16B9B87B1EF4EB14009AC7E0 /* Debug */,
				16B9B87C1EF4EB14009AC7E0 /* Release */,
			);
			defaultConfigurationIsVisible = 0;
			defaultConfigurationName = Release;
		};
/* End XCConfigurationList section */
	};
	rootObject = 16B9B8621EF4EB14009AC7E0 /* Project object */;
}
